
Microsoft Visual Studio Solution File, Format Version 12.00
# Visual Studio Version 16
VisualStudioVersion = 16.0.29025.244
MinimumVisualStudioVersion = 10.0.40219.1
Project("{8BC9CEB8-8B4A-11D0-8D11-00A0C91BC942}") = "最小堆", "最小堆.vcxproj", "{A88CD58F-074D-41BF-94E5-80BA05117023}"
EndProject
Global
	GlobalSection(SolutionConfigurationPlatforms) = preSolution
		Debug|x64 = Debug|x64
		Debug|x86 = Debug|x86
		Release|x64 = Release|x64
		Release|x86 = Release|x86
	EndGlobalSection
	GlobalSection(ProjectConfigurationPlatforms) = postSolution
		{A88CD58F-074D-41BF-94E5-80BA05117023}.Debug|x64.ActiveCfg = Debug|x64
		{A88CD58F-074D-41BF-94E5-80BA05117023}.Debug|x64.Build.0 = Debug|x64
		{A88CD58F-074D-41BF-94E5-80BA05117023}.Debug|x86.ActiveCfg = Debug|Win32
		{A88CD58F-074D-41BF-94E5-80BA05117023}.Debug|x86.Build.0 = Debug|Win32
		{A88CD58F-074D-41BF-94E5-80BA05117023}.Release|x64.ActiveCfg = Release|x64
		{A88CD58F-074D-41BF-94E5-80BA05117023}.Release|x64.Build.0 = Release|x64
		{A88CD58F-074D-41BF-94E5-80BA05117023}.Release|x86.ActiveCfg = Release|Win32
		{A88CD58F-074D-41BF-94E5-80BA05117023}.Release|x86.Build.0 = Release|Win32
	EndGlobalSection
	GlobalSection(SolutionProperties) = preSolution
		HideSolutionNode = FALSE
	EndGlobalSection
	GlobalSection(ExtensibilityGlobals) = postSolution
		SolutionGuid = {E7259FAD-F8A6-48AC-8836-B5CDC1E73F4D}
	EndGlobalSection
EndGlobal
